
Microsoft Visual Studio Solution File, Format Version 12.00
# Visual Studio Version 17
VisualStudioVersion = 17.14.36705.20
MinimumVisualStudioVersion = 10.0.40219.1
Project("{FAE04EC0-301F-11D3-BF4B-00C04F79EFBC}") = "ElevatorAPI", "ElevatorAPI\ElevatorAPI.csproj", "{AD84DE32-E498-4CC4-8588-C41B87002912}"
EndProject
Project("{FAE04EC0-301F-11D3-BF4B-00C04F79EFBC}") = "ElevatorAPI.Tests", "ElevatorAPI.Tests\ElevatorAPI.Tests.csproj", "{0D652E85-966D-4275-A096-724C63768F3A}"
EndProject
Global
	GlobalSection(SolutionConfigurationPlatforms) = preSolution
		Debug|Any CPU = Debug|Any CPU
		Debug|x64 = Debug|x64
		Debug|x86 = Debug|x86
		Release|Any CPU = Release|Any CPU
		Release|x64 = Release|x64
		Release|x86 = Release|x86
	EndGlobalSection
	GlobalSection(ProjectConfigurationPlatforms) = postSolution
		{AD84DE32-E498-4CC4-8588-C41B87002912}.Debug|Any CPU.ActiveCfg = Debug|Any CPU
		{AD84DE32-E498-4CC4-8588-C41B87002912}.Debug|Any CPU.Build.0 = Debug|Any CPU
		{AD84DE32-E498-4CC4-8588-C41B87002912}.Debug|x64.ActiveCfg = Debug|Any CPU
		{AD84DE32-E498-4CC4-8588-C41B87002912}.Debug|x64.Build.0 = Debug|Any CPU
		{AD84DE32-E498-4CC4-8588-C41B87002912}.Debug|x86.ActiveCfg = Debug|Any CPU
		{AD84DE32-E498-4CC4-8588-C41B87002912}.Debug|x86.Build.0 = Debug|Any CPU
		{AD84DE32-E498-4CC4-8588-C41B87002912}.Release|Any CPU.ActiveCfg = Release|Any CPU
		{AD84DE32-E498-4CC4-8588-C41B87002912}.Release|Any CPU.Build.0 = Release|Any CPU
		{AD84DE32-E498-4CC4-8588-C41B87002912}.Release|x64.ActiveCfg = Release|Any CPU
		{AD84DE32-E498-4CC4-8588-C41B87002912}.Release|x64.Build.0 = Release|Any CPU
		{AD84DE32-E498-4CC4-8588-C41B87002912}.Release|x86.ActiveCfg = Release|Any CPU
		{AD84DE32-E498-4CC4-8588-C41B87002912}.Release|x86.Build.0 = Release|Any CPU
		{0D652E85-966D-4275-A096-724C63768F3A}.Debug|Any CPU.ActiveCfg = Debug|Any CPU
		{0D652E85-966D-4275-A096-724C63768F3A}.Debug|Any CPU.Build.0 = Debug|Any CPU
		{0D652E85-966D-4275-A096-724C63768F3A}.Debug|x64.ActiveCfg = Debug|Any CPU
		{0D652E85-966D-4275-A096-724C63768F3A}.Debug|x64.Build.0 = Debug|Any CPU
		{0D652E85-966D-4275-A096-724C63768F3A}.Debug|x86.ActiveCfg = Debug|Any CPU
		{0D652E85-966D-4275-A096-724C63768F3A}.Debug|x86.Build.0 = Debug|Any CPU
		{0D652E85-966D-4275-A096-724C63768F3A}.Release|Any CPU.ActiveCfg = Release|Any CPU
		{0D652E85-966D-4275-A096-724C63768F3A}.Release|Any CPU.Build.0 = Release|Any CPU
		{0D652E85-966D-4275-A096-724C63768F3A}.Release|x64.ActiveCfg = Release|Any CPU
		{0D652E85-966D-4275-A096-724C63768F3A}.Release|x64.Build.0 = Release|Any CPU
		{0D652E85-966D-4275-A096-724C63768F3A}.Release|x86.ActiveCfg = Release|Any CPU
		{0D652E85-966D-4275-A096-724C63768F3A}.Release|x86.Build.0 = Release|Any CPU
	EndGlobalSection
	GlobalSection(SolutionProperties) = preSolution
		HideSolutionNode = FALSE
	EndGlobalSection
	GlobalSection(ExtensibilityGlobals) = postSolution
		SolutionGuid = {E38F9A5F-AABD-4FFB-B277-AED38CAB4C06}
	EndGlobalSection
EndGlobal
